
Microsoft Visual Studio Solution File, Format Version 12.00
# Visual Studio Version 17
VisualStudioVersion = 17.5.002.0
MinimumVisualStudioVersion = 10.0.40219.1
Project("{9A19103F-16F7-4668-BE54-9A1E7A4F7556}") = "Exo.WebApi", "Exo.WebApi.csproj", "{CF0FA80B-002C-4F39-B772-855C1CB1BA92}"
EndProject
Global
	GlobalSection(SolutionConfigurationPlatforms) = preSolution
		Debug|Any CPU = Debug|Any CPU
		Release|Any CPU = Release|Any CPU
	EndGlobalSection
	GlobalSection(ProjectConfigurationPlatforms) = postSolution
		{CF0FA80B-002C-4F39-B772-855C1CB1BA92}.Debug|Any CPU.ActiveCfg = Debug|Any CPU
		{CF0FA80B-002C-4F39-B772-855C1CB1BA92}.Debug|Any CPU.Build.0 = Debug|Any CPU
		{CF0FA80B-002C-4F39-B772-855C1CB1BA92}.Release|Any CPU.ActiveCfg = Release|Any CPU
		{CF0FA80B-002C-4F39-B772-855C1CB1BA92}.Release|Any CPU.Build.0 = Release|Any CPU
	EndGlobalSection
	GlobalSection(SolutionProperties) = preSolution
		HideSolutionNode = FALSE
	EndGlobalSection
	GlobalSection(ExtensibilityGlobals) = postSolution
		SolutionGuid = {7226A044-CD3A-41DF-89EB-7F2B1A1F6CB5}
	EndGlobalSection
EndGlobal
